# THIS IS AN AUTOGENERATED FILE. DO NOT EDIT THIS FILE DIRECTLY.
# yarn lockfile v1


"@polymer/font-roboto@^3.0.0-pre.1":
  version "3.0.0-pre.1"
  resolved "https://registry.yarnpkg.com/@polymer/font-roboto/-/font-roboto-3.0.0-pre.1.tgz#3b989a3b7c7d7351d4d816f8136d708512b0bd10"

"@polymer/iron-a11y-keys-behavior@^3.0.0-pre.1":
  version "3.0.0-pre.1"
  resolved "https://registry.yarnpkg.com/@polymer/iron-a11y-keys-behavior/-/iron-a11y-keys-behavior-3.0.0-pre.1.tgz#0b2954d7f6b04d97c9ae69c7f7cb82b9d4efe3e4"
  dependencies:
    "@polymer/polymer" "^3.0.0-pre.1"

"@polymer/iron-behaviors@^3.0.0-pre.1":
  version "3.0.0-pre.1"
  resolved "https://registry.yarnpkg.com/@polymer/iron-behaviors/-/iron-behaviors-3.0.0-pre.1.tgz#bbb1d7555bf93e5d221d18cbf82d6994b39585b7"
  dependencies:
    "@polymer/iron-a11y-keys-behavior" "^3.0.0-pre.1"
    "@polymer/polymer" "^3.0.0-pre.1"

"@polymer/iron-checked-element-behavior@^3.0.0-pre.1":
  version "3.0.0-pre.1"
  resolved "https://registry.yarnpkg.com/@polymer/iron-checked-element-behavior/-/iron-checked-element-behavior-3.0.0-pre.1.tgz#329089923fdc05a974ca7d78048c65cd7249150d"
  dependencies:
    "@polymer/iron-form-element-behavior" "^3.0.0-pre.1"
    "@polymer/iron-validatable-behavior" "^3.0.0-pre.1"
    "@polymer/polymer" "^3.0.0-pre.1"

"@polymer/iron-demo-helpers@^3.0.0-pre.1":
  version "3.0.0-pre.1"
  resolved "https://registry.yarnpkg.com/@polymer/iron-demo-helpers/-/iron-demo-helpers-3.0.0-pre.1.tgz#0d8cacc0e399d1ea3356b696b8b23f437ed3d5a7"
  dependencies:
    "@polymer/font-roboto" "^3.0.0-pre.1"
    "@polymer/iron-flex-layout" "^3.0.0-pre.1"
    "@polymer/iron-location" "^3.0.0-pre.1"
    "@polymer/marked-element" "^3.0.0-pre.1"
    "@polymer/polymer" "^3.0.0-pre.1"
    "@polymer/prism-element" "^3.0.0-pre.1"

"@polymer/iron-flex-layout@^3.0.0-pre.1":
  version "3.0.0-pre.1"
  resolved "https://registry.yarnpkg.com/@polymer/iron-flex-layout/-/iron-flex-layout-3.0.0-pre.1.tgz#46738316b52fe2858bf4fb207176366b1657457f"
  dependencies:
    "@polymer/polymer" "^3.0.0-pre.1"

"@polymer/iron-form-element-behavior@^3.0.0-pre.1":
  version "3.0.0-pre.1"
  resolved "https://registry.yarnpkg.com/@polymer/iron-form-element-behavior/-/iron-form-element-behavior-3.0.0-pre.1.tgz#a8bd62f2b6726353a821527683609081213441e7"
  dependencies:
    "@polymer/polymer" "^3.0.0-pre.1"

"@polymer/iron-icon@^3.0.0-pre.1":
  version "3.0.0-pre.1"
  resolved "https://registry.yarnpkg.com/@polymer/iron-icon/-/iron-icon-3.0.0-pre.1.tgz#b324f92120b1aaab43b4919c90cd2a64784a5b16"
  dependencies:
    "@polymer/iron-flex-layout" "^3.0.0-pre.1"
    "@polymer/iron-meta" "^3.0.0-pre.1"
    "@polymer/polymer" "^3.0.0-pre.1"

"@polymer/iron-iconset-svg@^3.0.0-pre.1":
  version "3.0.0-pre.1"
  resolved "https://registry.yarnpkg.com/@polymer/iron-iconset-svg/-/iron-iconset-svg-3.0.0-pre.1.tgz#06a03d5796c4280e1fda0edc334de9de1a808f7d"
  dependencies:
    "@polymer/iron-meta" "^3.0.0-pre.1"
    "@polymer/polymer" "^3.0.0-pre.1"

"@polymer/iron-location@^3.0.0-pre.1":
  version "3.0.0-pre.1"
  resolved "https://registry.yarnpkg.com/@polymer/iron-location/-/iron-location-3.0.0-pre.1.tgz#e2fb5f817729102fcb1838f14a67c7da57d939fe"
  dependencies:
    "@polymer/polymer" "^3.0.0-pre.1"

"@polymer/iron-menu-behavior@^3.0.0-pre.1":
  version "3.0.0-pre.1"
  resolved "https://registry.yarnpkg.com/@polymer/iron-menu-behavior/-/iron-menu-behavior-3.0.0-pre.1.tgz#68d8974edfe831efab4b1e143a331e918798dc75"
  dependencies:
    "@polymer/iron-a11y-keys-behavior" "^3.0.0-pre.1"
    "@polymer/iron-flex-layout" "^3.0.0-pre.1"
    "@polymer/iron-selector" "^3.0.0-pre.1"
    "@polymer/polymer" "^3.0.0-pre.1"

"@polymer/iron-meta@^3.0.0-pre.1":
  version "3.0.0-pre.1"
  resolved "https://registry.yarnpkg.com/@polymer/iron-meta/-/iron-meta-3.0.0-pre.1.tgz#809f5717a8eb80062fee6039ccd5fafe4875ca85"
  dependencies:
    "@polymer/polymer" "^3.0.0-pre.1"

"@polymer/iron-resizable-behavior@^3.0.0-pre.1":
  version "3.0.0-pre.1"
  resolved "https://registry.yarnpkg.com/@polymer/iron-resizable-behavior/-/iron-resizable-behavior-3.0.0-pre.1.tgz#1a6c0276329fdb41818c5e1356f9a8089cf3fbdb"
  dependencies:
    "@polymer/polymer" "^3.0.0-pre.1"

"@polymer/iron-selector@^3.0.0-pre.1":
  version "3.0.0-pre.1"
  resolved "https://registry.yarnpkg.com/@polymer/iron-selector/-/iron-selector-3.0.0-pre.1.tgz#e495c3f5ba5498ccfeccb94dded536d10807fb7c"
  dependencies:
    "@polymer/polymer" "^3.0.0-pre.1"

"@polymer/iron-validatable-behavior@^3.0.0-pre.1":
  version "3.0.0-pre.1"
  resolved "https://registry.yarnpkg.com/@polymer/iron-validatable-behavior/-/iron-validatable-behavior-3.0.0-pre.1.tgz#2d1f05e69738e003a761769036d1aece32a7a266"
  dependencies:
    "@polymer/iron-meta" "^3.0.0-pre.1"
    "@polymer/polymer" "^3.0.0-pre.1"

"@polymer/marked-element@^3.0.0-pre.1":
  version "3.0.0-pre.1"
  resolved "https://registry.yarnpkg.com/@polymer/marked-element/-/marked-element-3.0.0-pre.1.tgz#91641d4d5f3d080008845abf254bb4029444e33c"
  dependencies:
    "@polymer/polymer" "^3.0.0-pre.1"

"@polymer/paper-behaviors@^3.0.0-pre.1":
  version "3.0.0-pre.1"
  resolved "https://registry.yarnpkg.com/@polymer/paper-behaviors/-/paper-behaviors-3.0.0-pre.1.tgz#805506d7799fa45566d9ce6a18c5943a8203764b"
  dependencies:
    "@polymer/iron-behaviors" "^3.0.0-pre.1"
    "@polymer/iron-checked-element-behavior" "^3.0.0-pre.1"
    "@polymer/paper-ripple" "^3.0.0-pre.1"
    "@polymer/polymer" "^3.0.0-pre.1"

"@polymer/paper-icon-button@^3.0.0-pre.1":
  version "3.0.0-pre.1"
  resolved "https://registry.yarnpkg.com/@polymer/paper-icon-button/-/paper-icon-button-3.0.0-pre.1.tgz#f0617d177c9478a676eab808cc882978f1031366"
  dependencies:
    "@polymer/iron-icon" "^3.0.0-pre.1"
    "@polymer/paper-behaviors" "^3.0.0-pre.1"
    "@polymer/paper-styles" "^3.0.0-pre.1"
    "@polymer/polymer" "^3.0.0-pre.1"

"@polymer/paper-ripple@^3.0.0-pre.1":
  version "3.0.0-pre.1"
  resolved "https://registry.yarnpkg.com/@polymer/paper-ripple/-/paper-ripple-3.0.0-pre.1.tgz#67e692ea2c6d91d4f5f5bdf998dbd8a52acd9efa"
  dependencies:
    "@polymer/iron-a11y-keys-behavior" "^3.0.0-pre.1"
    "@polymer/polymer" "^3.0.0-pre.1"

"@polymer/paper-spinner@^3.0.0-pre.1":
  version "3.0.0-pre.1"
  resolved "https://registry.yarnpkg.com/@polymer/paper-spinner/-/paper-spinner-3.0.0-pre.1.tgz#af68fae20ec0a3a50f68310126b73da23c56c8f3"
  dependencies:
    "@polymer/paper-styles" "^3.0.0-pre.1"
    "@polymer/polymer" "^3.0.0-pre.1"

"@polymer/paper-styles@^3.0.0-pre.1":
  version "3.0.0-pre.1"
  resolved "https://registry.yarnpkg.com/@polymer/paper-styles/-/paper-styles-3.0.0-pre.1.tgz#333fd04f5052733ebc10e3a08a59f07b5586af13"
  dependencies:
    "@polymer/font-roboto" "^3.0.0-pre.1"
    "@polymer/iron-flex-layout" "^3.0.0-pre.1"
    "@polymer/polymer" "^3.0.0-pre.1"

"@polymer/paper-tabs@^3.0.0-pre.1":
  version "3.0.0-pre.1"
  resolved "https://registry.yarnpkg.com/@polymer/paper-tabs/-/paper-tabs-3.0.0-pre.1.tgz#c309354b0b45ff241d7fcad88b7c3d857eae8d9d"
  dependencies:
    "@polymer/iron-behaviors" "^3.0.0-pre.1"
    "@polymer/iron-flex-layout" "^3.0.0-pre.1"
    "@polymer/iron-icon" "^3.0.0-pre.1"
    "@polymer/iron-iconset-svg" "^3.0.0-pre.1"
    "@polymer/iron-menu-behavior" "^3.0.0-pre.1"
    "@polymer/iron-resizable-behavior" "^3.0.0-pre.1"
    "@polymer/paper-behaviors" "^3.0.0-pre.1"
    "@polymer/paper-icon-button" "^3.0.0-pre.1"
    "@polymer/paper-styles" "^3.0.0-pre.1"
    "@polymer/polymer" "^3.0.0-pre.1"

"@polymer/polymer@^3.0.0-pre.1":
  version "3.0.0-pre.1"
  resolved "https://registry.yarnpkg.com/@polymer/polymer/-/polymer-3.0.0-pre.1.tgz#9fc26b5259aad9265f324ced02de715991d2eabe"
  dependencies:
    "@webcomponents/shadycss" "^1.0.0"
    "@webcomponents/webcomponentsjs" "^1.0.0"

"@polymer/prism-element@^3.0.0-pre.1":
  version "3.0.0-pre.1"
  resolved "https://registry.yarnpkg.com/@polymer/prism-element/-/prism-element-3.0.0-pre.1.tgz#bfc1fe90bb8e1075b0c70e3d7cff3bc6caabec3c"
  dependencies:
    "@polymer/polymer" "^3.0.0-pre.1"

"@webcomponents/shadycss@^1.0.0":
  version "1.1.0"
  resolved "https://registry.yarnpkg.com/@webcomponents/shadycss/-/shadycss-1.1.0.tgz#3a31b062d6f0837b2a34bec1edea8b6fb046b2eb"

"@webcomponents/webcomponentsjs@^1.0.0":
  version "1.0.20"
  resolved "https://registry.yarnpkg.com/@webcomponents/webcomponentsjs/-/webcomponentsjs-1.0.20.tgz#bac97c9709a3130241da4c2c85710e1dc8775b1c"

asap@~2.0.3:
  version "2.0.6"
  resolved "https://registry.yarnpkg.com/asap/-/asap-2.0.6.tgz#e50347611d7e690943208bbdafebcbc2fb866d46"

change-emitter@^0.1.2:
  version "0.1.6"
  resolved "https://registry.yarnpkg.com/change-emitter/-/change-emitter-0.1.6.tgz#e8b2fe3d7f1ab7d69a32199aff91ea6931409515"

core-js@^1.0.0:
  version "1.2.7"
  resolved "https://registry.yarnpkg.com/core-js/-/core-js-1.2.7.tgz#652294c14651db28fa93bd2d5ff2983a4f08c636"

encoding@^0.1.11:
  version "0.1.12"
  resolved "https://registry.yarnpkg.com/encoding/-/encoding-0.1.12.tgz#538b66f3ee62cd1ab51ec323829d1f9480c74beb"
  dependencies:
    iconv-lite "~0.4.13"

fbjs@^0.8.1:
  version "0.8.16"
  resolved "https://registry.yarnpkg.com/fbjs/-/fbjs-0.8.16.tgz#5e67432f550dc41b572bf55847b8aca64e5337db"
  dependencies:
    core-js "^1.0.0"
    isomorphic-fetch "^2.1.1"
    loose-envify "^1.0.0"
    object-assign "^4.1.0"
    promise "^7.1.1"
    setimmediate "^1.0.5"
    ua-parser-js "^0.7.9"

hoist-non-react-statics@^1.0.0:
  version "1.2.0"
  resolved "https://registry.yarnpkg.com/hoist-non-react-statics/-/hoist-non-react-statics-1.2.0.tgz#aa448cf0986d55cc40773b17174b7dd066cb7cfb"

iconv-lite@~0.4.13:
  version "0.4.19"
  resolved "https://registry.yarnpkg.com/iconv-lite/-/iconv-lite-0.4.19.tgz#f7468f60135f5e5dad3399c0a81be9a1603a082b"

is-stream@^1.0.1:
  version "1.1.0"
  resolved "https://registry.yarnpkg.com/is-stream/-/is-stream-1.1.0.tgz#12d4a3dd4e68e0b79ceb8dbc84173ae80d91ca44"

isomorphic-fetch@^2.1.1:
  version "2.2.1"
  resolved "https://registry.yarnpkg.com/isomorphic-fetch/-/isomorphic-fetch-2.2.1.tgz#611ae1acf14f5e81f729507472819fe9733558a9"
  dependencies:
    node-fetch "^1.0.1"
    whatwg-fetch ">=0.10.0"

js-tokens@^3.0.0:
  version "3.0.2"
  resolved "https://registry.yarnpkg.com/js-tokens/-/js-tokens-3.0.2.tgz#9866df395102130e38f7f996bceb65443209c25b"

loose-envify@^1.0.0:
  version "1.3.1"
  resolved "https://registry.yarnpkg.com/loose-envify/-/loose-envify-1.3.1.tgz#d1a8ad33fa9ce0e713d65fdd0ac8b748d478c848"
  dependencies:
    js-tokens "^3.0.0"

marked@~0.3.3:
  version "0.3.7"
  resolved "https://registry.yarnpkg.com/marked/-/marked-0.3.7.tgz#80ef3bbf1bd00d1c9cfebe42ba1b8c85da258d0d"

node-fetch@^1.0.1:
  version "1.7.3"
  resolved "https://registry.yarnpkg.com/node-fetch/-/node-fetch-1.7.3.tgz#980f6f72d85211a5347c6b2bc18c5b84c3eb47ef"
  dependencies:
    encoding "^0.1.11"
    is-stream "^1.0.1"

object-assign@^4.1.0:
  version "4.1.1"
  resolved "https://registry.yarnpkg.com/object-assign/-/object-assign-4.1.1.tgz#2109adc7965887cfc05cbbd442cac8bfbb360863"

prism-react@^1.0.2:
  version "1.0.2"
  resolved "https://registry.yarnpkg.com/prism-react/-/prism-react-1.0.2.tgz#c568c534760f738330295c633f647395afa972f4"
  dependencies:
    recompose "^0.22.0"

prism-redux@^1.0.2:
  version "1.0.2"
  resolved "https://registry.yarnpkg.com/prism-redux/-/prism-redux-1.0.2.tgz#3dbb5463c9527812cf890d1b1ba29c8d902f82ed"

prism@*:
  version "4.1.2"
  resolved "https://registry.yarnpkg.com/prism/-/prism-4.1.2.tgz#783dbc08c4dd20ea3ba7679135ca41d57deb2496"
  dependencies:
    prism-react "^1.0.2"
    prism-redux "^1.0.2"

promise@^7.1.1:
  version "7.3.1"
  resolved "https://registry.yarnpkg.com/promise/-/promise-7.3.1.tgz#064b72602b18f90f29192b8b1bc418ffd1ebd3bf"
  dependencies:
    asap "~2.0.3"

recompose@^0.22.0:
  version "0.22.0"
  resolved "https://registry.yarnpkg.com/recompose/-/recompose-0.22.0.tgz#f099d18385882ca41d9eec891718dadddc3204ef"
  dependencies:
    change-emitter "^0.1.2"
    fbjs "^0.8.1"
    hoist-non-react-statics "^1.0.0"
    symbol-observable "^1.0.4"

setimmediate@^1.0.5:
  version "1.0.5"
  resolved "https://registry.yarnpkg.com/setimmediate/-/setimmediate-1.0.5.tgz#290cbb232e306942d7d7ea9b83732ab7856f8285"

symbol-observable@^1.0.4:
  version "1.1.0"
  resolved "https://registry.yarnpkg.com/symbol-observable/-/symbol-observable-1.1.0.tgz#5c68fd8d54115d9dfb72a84720549222e8db9b32"

ua-parser-js@^0.7.9:
  version "0.7.17"
  resolved "https://registry.yarnpkg.com/ua-parser-js/-/ua-parser-js-0.7.17.tgz#e9ec5f9498b9ec910e7ae3ac626a805c4d09ecac"

whatwg-fetch@>=0.10.0:
  version "2.0.3"
  resolved "https://registry.yarnpkg.com/whatwg-fetch/-/whatwg-fetch-2.0.3.tgz#9c84ec2dcf68187ff00bc64e1274b442176e1c84"
